{
  "nodes": {
    "flake-compat": {
      "flake": false,
      "locked": {
        "lastModified": 1668681692,
        "narHash": "sha256-Ht91NGdewz8IQLtWZ9LCeNXMSXHUss+9COoqu6JLmXU=",
        "owner": "edolstra",
        "repo": "flake-compat",
        "rev": "009399224d5e398d03b22badca40a37ac85412a1",
        "type": "github"
      },
      "original": {
        "owner": "edolstra",
        "repo": "flake-compat",
        "type": "github"
      }
    },
    "flake-utils": {
      "locked": {
        "lastModified": 1659877975,
        "narHash": "sha256-zllb8aq3YO3h8B/U0/J1WBgAL8EX5yWf5pMj3G0NAmc=",
        "owner": "numtide",
        "repo": "flake-utils",
        "rev": "c0e246b9b83f637f4681389ecabcb2681b4f3af0",
        "type": "github"
      },
      "original": {
        "owner": "numtide",
        "repo": "flake-utils",
        "type": "github"
      }
    },
    "ghc-debug": {
      "flake": false,
      "locked": {
        "lastModified": 1678361275,
        "narHash": "sha256-BqAOmVjhU8TdrzWGKMQciZKJRyIacOikXzsU6TMBRMY=",
        "ref": "master",
        "rev": "ed3975717e27fd858f35b33359b94ef9a12735f3",
        "revCount": 509,
        "type": "git",
        "url": "https://gitlab.haskell.org/ghc/ghc-debug.git"
      },
      "original": {
        "ref": "master",
        "type": "git",
        "url": "https://gitlab.haskell.org/ghc/ghc-debug.git"
      }
    },
    "ghc_nix": {
      "inputs": {
        "all-cabal-hashes": [
          "hackage-index"
        ],
        "flake-compat": "flake-compat",
        "nixpkgs": [
          "nixpkgs"
        ],
        "nixpkgs-unstable": [
          "nixpkgs"
        ]
      },
      "locked": {
        "lastModified": 1677005603,
        "narHash": "sha256-0E6Cn7WZP7sCbcI6nsoEVLlWGfmLhuypHAfxioepy6Q=",
        "owner": "wavewave",
        "repo": "ghc.nix",
        "rev": "9e2907537899555d6da52d6369d89f1f9fc37bd4",
        "type": "github"
      },
      "original": {
        "owner": "wavewave",
        "ref": "fix-hash-again",
        "repo": "ghc.nix",
        "type": "github"
      }
    },
    "hackage-index": {
      "flake": false,
      "locked": {
        "narHash": "sha256-q/xdYkEwjNKOP189sETVAnnCwA7mhXUM8kXCq29eiRE=",
        "type": "file",
        "url": "https://api.github.com/repos/commercialhaskell/all-cabal-hashes/tarball/13a91ab76cfac2098eff2780f3d3b6224352a7a2"
      },
      "original": {
        "type": "file",
        "url": "https://api.github.com/repos/commercialhaskell/all-cabal-hashes/tarball/13a91ab76cfac2098eff2780f3d3b6224352a7a2"
      }
    },
    "nixpkgs": {
      "locked": {
        "lastModified": 1679338402,
        "narHash": "sha256-w0YDouArgrXg8aaX1cslEgzIWuwhB+0ai7xb/UuDwZo=",
        "owner": "NixOS",
        "repo": "nixpkgs",
        "rev": "f3ad3f8193f79ba34e8412dfae3781580262beec",
        "type": "github"
      },
      "original": {
        "owner": "NixOS",
        "ref": "master",
        "repo": "nixpkgs",
        "type": "github"
      }
    },
    "root": {
      "inputs": {
        "flake-utils": "flake-utils",
        "ghc-debug": "ghc-debug",
        "ghc_nix": "ghc_nix",
        "hackage-index": "hackage-index",
        "nixpkgs": "nixpkgs"
      }
    }
  },
  "root": "root",
  "version": 7
}
