{
  "nodes": {
    "flake-utils": {
      "locked": {
        "lastModified": 1659877975,
        "narHash": "sha256-zllb8aq3YO3h8B/U0/J1WBgAL8EX5yWf5pMj3G0NAmc=",
        "owner": "numtide",
        "repo": "flake-utils",
        "rev": "c0e246b9b83f637f4681389ecabcb2681b4f3af0",
        "type": "github"
      },
      "original": {
        "owner": "numtide",
        "repo": "flake-utils",
        "type": "github"
      }
    },
    "ghc-debug": {
      "flake": false,
      "locked": {
        "lastModified": 1678361275,
        "narHash": "sha256-BqAOmVjhU8TdrzWGKMQciZKJRyIacOikXzsU6TMBRMY=",
        "ref": "master",
        "rev": "ed3975717e27fd858f35b33359b94ef9a12735f3",
        "revCount": 509,
        "type": "git",
        "url": "https://gitlab.haskell.org/ghc/ghc-debug.git"
      },
      "original": {
        "ref": "master",
        "type": "git",
        "url": "https://gitlab.haskell.org/ghc/ghc-debug.git"
      }
    },
    "nixpkgs": {
      "locked": {
        "lastModified": 1679338402,
        "narHash": "sha256-w0YDouArgrXg8aaX1cslEgzIWuwhB+0ai7xb/UuDwZo=",
        "owner": "NixOS",
        "repo": "nixpkgs",
        "rev": "f3ad3f8193f79ba34e8412dfae3781580262beec",
        "type": "github"
      },
      "original": {
        "owner": "NixOS",
        "ref": "master",
        "repo": "nixpkgs",
        "type": "github"
      }
    },
    "root": {
      "inputs": {
        "flake-utils": "flake-utils",
        "ghc-debug": "ghc-debug",
        "nixpkgs": "nixpkgs"
      }
    }
  },
  "root": "root",
  "version": 7
}
